
Microsoft Visual Studio Solution File, Format Version 12.00
# Visual Studio Version 16
VisualStudioVersion = 16.0.32106.194
MinimumVisualStudioVersion = 10.0.40219.1
Project("{FAE04EC0-301F-11D3-BF4B-00C04F79EFBC}") = "Boss Girls", "Boss Girls\Boss Girls.csproj", "{47B63EF4-836D-40F7-8492-1DDBDBAAADB1}"
EndProject
Global
	GlobalSection(SolutionConfigurationPlatforms) = preSolution
		Debug|Any CPU = Debug|Any CPU
		Release|Any CPU = Release|Any CPU
	EndGlobalSection
	GlobalSection(ProjectConfigurationPlatforms) = postSolution
		{47B63EF4-836D-40F7-8492-1DDBDBAAADB1}.Debug|Any CPU.ActiveCfg = Debug|Any CPU
		{47B63EF4-836D-40F7-8492-1DDBDBAAADB1}.Debug|Any CPU.Build.0 = Debug|Any CPU
		{47B63EF4-836D-40F7-8492-1DDBDBAAADB1}.Release|Any CPU.ActiveCfg = Release|Any CPU
		{47B63EF4-836D-40F7-8492-1DDBDBAAADB1}.Release|Any CPU.Build.0 = Release|Any CPU
	EndGlobalSection
	GlobalSection(SolutionProperties) = preSolution
		HideSolutionNode = FALSE
	EndGlobalSection
	GlobalSection(ExtensibilityGlobals) = postSolution
		SolutionGuid = {AF861555-5552-4054-937B-6E3AEFB34C14}
	EndGlobalSection
EndGlobal
